
Microsoft Visual Studio Solution File, Format Version 12.00
# Visual Studio Express 2012 for Windows Desktop
Project("{FAE04EC0-301F-11D3-BF4B-00C04F79EFBC}") = "Prasatko", "Prasatko\Prasatko.csproj", "{4FC9B02D-1F50-49D3-8DB9-26879EDE6C85}"
EndProject
Global
	GlobalSection(SolutionConfigurationPlatforms) = preSolution
		Debug|Any CPU = Debug|Any CPU
		Release|Any CPU = Release|Any CPU
	EndGlobalSection
	GlobalSection(ProjectConfigurationPlatforms) = postSolution
		{4FC9B02D-1F50-49D3-8DB9-26879EDE6C85}.Debug|Any CPU.ActiveCfg = Debug|Any CPU
		{4FC9B02D-1F50-49D3-8DB9-26879EDE6C85}.Debug|Any CPU.Build.0 = Debug|Any CPU
		{4FC9B02D-1F50-49D3-8DB9-26879EDE6C85}.Release|Any CPU.ActiveCfg = Release|Any CPU
		{4FC9B02D-1F50-49D3-8DB9-26879EDE6C85}.Release|Any CPU.Build.0 = Release|Any CPU
	EndGlobalSection
	GlobalSection(SolutionProperties) = preSolution
		HideSolutionNode = FALSE
	EndGlobalSection
EndGlobal
