
Microsoft Visual Studio Solution File, Format Version 12.00
# Visual Studio 2013
VisualStudioVersion = 12.0.31101.0
MinimumVisualStudioVersion = 10.0.40219.1
Project("{F184B08F-C81C-45F6-A57F-5ABD9991F28F}") = "Meteorologická data", "..\..\..\Visual Studio 2013\Projects\Meteorologická data\Meteorologická data.vbproj", "{29CC286C-633B-40F0-AD47-600F9D571733}"
EndProject
Project("{F184B08F-C81C-45F6-A57F-5ABD9991F28F}") = "Domino", "..\..\..\Visual Studio 2013\Projects\Domino\Domino.vbproj", "{3538B6CB-6EBB-4733-8AA3-0420FD18BBE6}"
EndProject
Project("{F184B08F-C81C-45F6-A57F-5ABD9991F28F}") = "Zlomky", "..\..\..\Visual Studio 2013\Projects\Zlomky\Zlomky.vbproj", "{523C897C-6261-4D68-88B3-2771B7C12A7F}"
EndProject
Project("{F184B08F-C81C-45F6-A57F-5ABD9991F28F}") = "Prasatko", "..\..\..\Visual Studio 2013\Projects\Prasatko\Prasatko.vbproj", "{C419DE50-0F4B-4837-BD13-96E796AE10EF}"
EndProject
Global
	GlobalSection(SolutionConfigurationPlatforms) = preSolution
		Debug|Any CPU = Debug|Any CPU
		Release|Any CPU = Release|Any CPU
	EndGlobalSection
	GlobalSection(ProjectConfigurationPlatforms) = postSolution
		{29CC286C-633B-40F0-AD47-600F9D571733}.Debug|Any CPU.ActiveCfg = Debug|Any CPU
		{29CC286C-633B-40F0-AD47-600F9D571733}.Debug|Any CPU.Build.0 = Debug|Any CPU
		{29CC286C-633B-40F0-AD47-600F9D571733}.Release|Any CPU.ActiveCfg = Release|Any CPU
		{29CC286C-633B-40F0-AD47-600F9D571733}.Release|Any CPU.Build.0 = Release|Any CPU
		{3538B6CB-6EBB-4733-8AA3-0420FD18BBE6}.Debug|Any CPU.ActiveCfg = Debug|Any CPU
		{3538B6CB-6EBB-4733-8AA3-0420FD18BBE6}.Debug|Any CPU.Build.0 = Debug|Any CPU
		{3538B6CB-6EBB-4733-8AA3-0420FD18BBE6}.Release|Any CPU.ActiveCfg = Release|Any CPU
		{3538B6CB-6EBB-4733-8AA3-0420FD18BBE6}.Release|Any CPU.Build.0 = Release|Any CPU
		{523C897C-6261-4D68-88B3-2771B7C12A7F}.Debug|Any CPU.ActiveCfg = Debug|Any CPU
		{523C897C-6261-4D68-88B3-2771B7C12A7F}.Debug|Any CPU.Build.0 = Debug|Any CPU
		{523C897C-6261-4D68-88B3-2771B7C12A7F}.Release|Any CPU.ActiveCfg = Release|Any CPU
		{523C897C-6261-4D68-88B3-2771B7C12A7F}.Release|Any CPU.Build.0 = Release|Any CPU
		{C419DE50-0F4B-4837-BD13-96E796AE10EF}.Debug|Any CPU.ActiveCfg = Debug|Any CPU
		{C419DE50-0F4B-4837-BD13-96E796AE10EF}.Debug|Any CPU.Build.0 = Debug|Any CPU
		{C419DE50-0F4B-4837-BD13-96E796AE10EF}.Release|Any CPU.ActiveCfg = Release|Any CPU
		{C419DE50-0F4B-4837-BD13-96E796AE10EF}.Release|Any CPU.Build.0 = Release|Any CPU
	EndGlobalSection
	GlobalSection(SolutionProperties) = preSolution
		HideSolutionNode = FALSE
	EndGlobalSection
EndGlobal
